
Microsoft Visual Studio Solution File, Format Version 12.00
# Visual Studio Version 17
VisualStudioVersion = 17.8.34309.116
MinimumVisualStudioVersion = 10.0.40219.1
Project("{8BC9CEB8-8B4A-11D0-8D11-00A0C91BC942}") = "testCZT", "testCZT.vcxproj", "{3A143280-56F6-4E62-AE41-5F0F186FD283}"
EndProject
Global
	GlobalSection(SolutionConfigurationPlatforms) = preSolution
		Debug|x64 = Debug|x64
		Debug|x86 = Debug|x86
		Release|x64 = Release|x64
		Release|x86 = Release|x86
	EndGlobalSection
	GlobalSection(ProjectConfigurationPlatforms) = postSolution
		{3A143280-56F6-4E62-AE41-5F0F186FD283}.Debug|x64.ActiveCfg = Debug|x64
		{3A143280-56F6-4E62-AE41-5F0F186FD283}.Debug|x64.Build.0 = Debug|x64
		{3A143280-56F6-4E62-AE41-5F0F186FD283}.Debug|x86.ActiveCfg = Debug|Win32
		{3A143280-56F6-4E62-AE41-5F0F186FD283}.Debug|x86.Build.0 = Debug|Win32
		{3A143280-56F6-4E62-AE41-5F0F186FD283}.Release|x64.ActiveCfg = Release|x64
		{3A143280-56F6-4E62-AE41-5F0F186FD283}.Release|x64.Build.0 = Release|x64
		{3A143280-56F6-4E62-AE41-5F0F186FD283}.Release|x86.ActiveCfg = Release|Win32
		{3A143280-56F6-4E62-AE41-5F0F186FD283}.Release|x86.Build.0 = Release|Win32
	EndGlobalSection
	GlobalSection(SolutionProperties) = preSolution
		HideSolutionNode = FALSE
	EndGlobalSection
	GlobalSection(ExtensibilityGlobals) = postSolution
		SolutionGuid = {EDE5C20F-E83A-4EE0-9093-FB5CEA827F4D}
	EndGlobalSection
EndGlobal
